<?xml version="1.0" encoding="UTF-8" standalone="yes" ?>
<CodeBlocks_project_file>
	<FileVersion major="1" minor="6" />
	<Project>
		<Option title="test_MQ" />
		<Option pch_mode="2" />
		<Option compiler="gcc" />
		<Build>
			<Target title="Debug">
				<Option output="bin/Debug/test_MQ" prefix_auto="1" extension_auto="1" />
				<Option object_output="obj/Debug/" />
				<Option type="1" />
				<Option compiler="gcc" />
				<Compiler>
					<Add option="-std=c++11" />
					<Add option="-g" />
					<Add option="-DLOCAL_DEV=1" />
					<Add directory="../include" />
				</Compiler>
				<Linker>
					<Add option="-Wl,--allow-multiple-definition  -lpthread -ldl -rdynamic" />
					<Add library="../bin/Debug/libdispatcher.a" />
				</Linker>
			</Target>
			<Target title="Release">
				<Option output="bin/Release/test_MQ" prefix_auto="1" extension_auto="1" />
				<Option object_output="obj/Release/" />
				<Option type="1" />
				<Option compiler="gcc" />
				<Compiler>
					<Add option="-O2" />
					<Add option="-std=c++11" />
					<Add option="-DLOCAL_DEV=1" />
					<Add directory="../include" />
				</Compiler>
				<Linker>
					<Add option="-s" />
					<Add option="-Wl,--allow-multiple-definition  -lpthread -ldl -rdynamic" />
					<Add library="../bin/Debug/libdispatcher.a" />
					<Add directory="../bin/Release" />
				</Linker>
			</Target>
		</Build>
		<Compiler>
			<Add option="-std=c++11" />
			<Add option="-Wall" />
			<Add option="-fexceptions" />
			<Add option="-DLOCAL_DEV=1" />
			<Add directory="../include" />
		</Compiler>
		<Linker>
			<Add option="-Wl,--allow-multiple-definition  -lpthread -ldl -rdynamic" />
			<Add library="../bin/Debug/libdispatcher.a" />
		</Linker>
		<Unit filename="../include/config.hpp" />
		<Unit filename="../main.cpp" />
		<Extensions>
			<code_completion />
			<debugger />
		</Extensions>
	</Project>
</CodeBlocks_project_file>
