<?xml version="1.0" encoding="UTF-8" standalone="yes" ?>
<CodeBlocks_project_file>
	<FileVersion major="1" minor="6" />
	<Project>
		<Option title="utp_configs" />
		<Option pch_mode="2" />
		<Option compiler="gcc" />
		<Build>
			<Target title="Debug">
				<Option output="bin/Debug/utp_configs" prefix_auto="1" extension_auto="1" />
				<Option object_output="obj/Debug/" />
				<Option type="1" />
				<Option compiler="gcc" />
				<Compiler>
					<Add option="-g" />
				</Compiler>
			</Target>
			<Target title="Release">
				<Option output="bin/Release/utp_configs" prefix_auto="1" extension_auto="1" />
				<Option object_output="obj/Release/" />
				<Option type="1" />
				<Option compiler="gcc" />
				<Compiler>
					<Add option="-O2" />
				</Compiler>
				<Linker>
					<Add option="-s" />
				</Linker>
			</Target>
			<Target title="BLAS_ONLY">
				<Option output="bin/utp_blas_only" prefix_auto="1" extension_auto="1" />
				<Option type="1" />
				<Option compiler="gcc" />
				<Compiler>
					<Add option="-std=c++11" />
					<Add option="-g" />
					<Add option="-DBLAS_ONLY" />
					<Add directory="include" />
				</Compiler>
				<Linker>
					<Add library="lib/libutp_blas_only.a" />
					<Add directory="lib" />
				</Linker>
			</Target>
			<Target title="SG_BLAS">
				<Option output="bin/utp_sg_blas" prefix_auto="1" extension_auto="1" />
				<Option object_output="obj" />
				<Option type="1" />
				<Option compiler="gcc" />
				<Compiler>
					<Add option="-std=c++11" />
					<Add option="-g" />
					<Add option="-DSG_BLAS" />
					<Add directory="include" />
				</Compiler>
				<Linker>
					<Add library="lib/libutp_sg_blas.a" />
				</Linker>
			</Target>
			<Target title="DT_BLAS">
				<Option output="bin/utp_dt_blas" prefix_auto="1" extension_auto="1" />
				<Option object_output="obj" />
				<Option type="1" />
				<Option compiler="gcc" />
				<Compiler>
					<Add option="-std=c++11" />
					<Add option="-g" />
					<Add option="-DDT_BLAS" />
					<Add directory="include" />
					<Add directory="/home/cppdev/DT/DuctTeip/ResStudio/Prototype/include" />
				</Compiler>
				<Linker>
					<Add library="lib/libutp_dt_blas.a" />
					<Add library="/home/cppdev/DT/DuctTeip/ResStudio/Prototype/lib/libductteip.a" />
				</Linker>
			</Target>
			<Target title="DT_SG_BLAS">
				<Option output="bin/utp_dt_sg_blas" prefix_auto="1" extension_auto="1" />
				<Option object_output="obj" />
				<Option type="1" />
				<Option compiler="gcc" />
				<Compiler>
					<Add option="-std=c++11" />
					<Add option="-g" />
					<Add option="-DDT_SG_BLAS" />
					<Add directory="include" />
					<Add directory="/home/cppdev/DT/DuctTeip/ResStudio/Prototype/include" />
				</Compiler>
				<Linker>
					<Add library="lib/libutp_dt_sg_blas.a" />
					<Add library="/home/cppdev/DT/DuctTeip/ResStudio/Prototype/lib/libductteip.a" />
				</Linker>
			</Target>
			<Target title="CU_BLAS_ONLY">
				<Option output="bin/utp_cu_blas_only" prefix_auto="1" extension_auto="1" />
				<Option object_output="obj" />
				<Option type="1" />
				<Option compiler="gcc" />
				<Compiler>
					<Add option="-std=c++11" />
					<Add option="-g" />
					<Add option="-DCUBLAS_ONLY" />
					<Add directory="include" />
				</Compiler>
				<Linker>
					<Add library="lib/libutp_cu_blas_only.a" />
				</Linker>
			</Target>
			<Target title="DT_FORK_SG_SPU">
				<Option output="bin/utp_dt_fork_sg_spu" prefix_auto="1" extension_auto="1" />
				<Option object_output="obj" />
				<Option type="1" />
				<Option compiler="gcc" />
				<Compiler>
					<Add option="-std=c++11" />
					<Add option="-g" />
					<Add option="-DDT_FORK_SG_SPU" />
					<Add directory="include" />
					<Add directory="/home/cppdev/DT/DuctTeip/ResStudio/Prototype/include" />
				</Compiler>
				<Linker>
					<Add library="lib/libutp_dt_fork_sg_spu.a" />
					<Add library="/home/cppdev/DT/DuctTeip/ResStudio/Prototype/lib/libductteip.a" />
				</Linker>
			</Target>
		</Build>
		<VirtualTargets>
			<Add alias="ALL" targets="BLAS_ONLY;SG_BLAS;DT_BLAS;DT_SG_BLAS;CU_BLAS_ONLY;DT_FORK_SG_SPU;" />
		</VirtualTargets>
		<Compiler>
			<Add option="-Wall" />
			<Add option="-fexceptions" />
			<Add directory="/home/cppdev/sg/superglue/include" />
		</Compiler>
		<Linker>
			<Add option="-Wl,--allow-multiple-definition -pthread" />
		</Linker>
		<Unit filename="include/cfg_blas_only.hpp">
			<Option target="BLAS_ONLY" />
			<Option target="SG_BLAS" />
			<Option target="DT_BLAS" />
			<Option target="DT_SG_BLAS" />
			<Option target="CU_BLAS_ONLY" />
			<Option target="DT_FORK_SG_SPU" />
		</Unit>
		<Unit filename="include/cfg_cu_blas_only.hpp">
			<Option target="BLAS_ONLY" />
			<Option target="SG_BLAS" />
			<Option target="DT_BLAS" />
			<Option target="DT_SG_BLAS" />
			<Option target="CU_BLAS_ONLY" />
			<Option target="DT_FORK_SG_SPU" />
		</Unit>
		<Unit filename="include/cfg_dt_blas.hpp">
			<Option target="BLAS_ONLY" />
			<Option target="SG_BLAS" />
			<Option target="DT_BLAS" />
			<Option target="DT_SG_BLAS" />
			<Option target="CU_BLAS_ONLY" />
			<Option target="DT_FORK_SG_SPU" />
		</Unit>
		<Unit filename="include/cfg_dt_fork_sg_spu.hpp">
			<Option target="BLAS_ONLY" />
			<Option target="SG_BLAS" />
			<Option target="DT_BLAS" />
			<Option target="DT_SG_BLAS" />
			<Option target="CU_BLAS_ONLY" />
			<Option target="DT_FORK_SG_SPU" />
		</Unit>
		<Unit filename="include/cfg_dt_sg_blas.hpp">
			<Option target="BLAS_ONLY" />
			<Option target="SG_BLAS" />
			<Option target="DT_BLAS" />
			<Option target="DT_SG_BLAS" />
			<Option target="CU_BLAS_ONLY" />
			<Option target="DT_FORK_SG_SPU" />
		</Unit>
		<Unit filename="include/cfg_sg_blas.hpp">
			<Option target="BLAS_ONLY" />
			<Option target="SG_BLAS" />
			<Option target="DT_BLAS" />
			<Option target="DT_SG_BLAS" />
			<Option target="CU_BLAS_ONLY" />
			<Option target="DT_FORK_SG_SPU" />
		</Unit>
		<Unit filename="include/config_schedulers.hpp">
			<Option target="BLAS_ONLY" />
			<Option target="SG_BLAS" />
			<Option target="DT_BLAS" />
			<Option target="DT_SG_BLAS" />
			<Option target="CU_BLAS_ONLY" />
			<Option target="DT_FORK_SG_SPU" />
		</Unit>
		<Unit filename="include/sch_superglue.hpp">
			<Option target="BLAS_ONLY" />
			<Option target="SG_BLAS" />
			<Option target="DT_BLAS" />
			<Option target="DT_SG_BLAS" />
			<Option target="CU_BLAS_ONLY" />
			<Option target="DT_FORK_SG_SPU" />
		</Unit>
		<Unit filename="include/ublas.hpp">
			<Option target="BLAS_ONLY" />
			<Option target="SG_BLAS" />
			<Option target="DT_BLAS" />
			<Option target="DT_SG_BLAS" />
			<Option target="CU_BLAS_ONLY" />
			<Option target="DT_FORK_SG_SPU" />
		</Unit>
		<Unit filename="src/cfg_blas_only.cpp">
			<Option target="Debug" />
			<Option target="Release" />
			<Option target="BLAS_ONLY" />
		</Unit>
		<Unit filename="src/cfg_cu_blas_only.cpp">
			<Option target="Debug" />
			<Option target="Release" />
			<Option target="CU_BLAS_ONLY" />
		</Unit>
		<Unit filename="src/cfg_dt_blas.cpp">
			<Option target="Debug" />
			<Option target="Release" />
			<Option target="DT_BLAS" />
		</Unit>
		<Unit filename="src/cfg_dt_fork_sg_spu.cpp">
			<Option target="Debug" />
			<Option target="Release" />
			<Option target="DT_FORK_SG_SPU" />
		</Unit>
		<Unit filename="src/cfg_dt_sg_blas.cpp">
			<Option target="Debug" />
			<Option target="Release" />
			<Option target="DT_SG_BLAS" />
		</Unit>
		<Unit filename="src/cfg_sg_blas.cpp">
			<Option target="Debug" />
			<Option target="Release" />
			<Option target="SG_BLAS" />
		</Unit>
		<Unit filename="src/main_BLAS_ONLY.cpp">
			<Option target="Debug" />
			<Option target="Release" />
			<Option target="BLAS_ONLY" />
		</Unit>
		<Unit filename="src/main_CU_BLAS_ONLY.cpp">
			<Option target="Debug" />
			<Option target="Release" />
			<Option target="CU_BLAS_ONLY" />
		</Unit>
		<Unit filename="src/main_DT_BLAS.cpp">
			<Option target="Debug" />
			<Option target="Release" />
			<Option target="DT_BLAS" />
		</Unit>
		<Unit filename="src/main_DT_FORK_SG_SPU.cpp">
			<Option target="Debug" />
			<Option target="Release" />
			<Option target="DT_FORK_SG_SPU" />
		</Unit>
		<Unit filename="src/main_DT_SG_BLAS.cpp">
			<Option target="Debug" />
			<Option target="Release" />
			<Option target="DT_SG_BLAS" />
		</Unit>
		<Unit filename="src/main_SG_BLAS.cpp">
			<Option target="Debug" />
			<Option target="Release" />
			<Option target="SG_BLAS" />
		</Unit>
		<Unit filename="src/ublas.cpp">
			<Option target="BLAS_ONLY" />
			<Option target="SG_BLAS" />
			<Option target="DT_BLAS" />
			<Option target="DT_SG_BLAS" />
			<Option target="CU_BLAS_ONLY" />
			<Option target="DT_FORK_SG_SPU" />
		</Unit>
		<Unit filename="src/ugemm.cpp">
			<Option target="BLAS_ONLY" />
			<Option target="SG_BLAS" />
			<Option target="DT_BLAS" />
			<Option target="DT_SG_BLAS" />
			<Option target="CU_BLAS_ONLY" />
			<Option target="DT_FORK_SG_SPU" />
		</Unit>
		<Unit filename="src/utrsm.cpp">
			<Option target="BLAS_ONLY" />
			<Option target="SG_BLAS" />
			<Option target="DT_BLAS" />
			<Option target="DT_SG_BLAS" />
			<Option target="CU_BLAS_ONLY" />
			<Option target="DT_FORK_SG_SPU" />
		</Unit>
		<Extensions>
			<code_completion />
			<envvars />
			<debugger />
		</Extensions>
	</Project>
</CodeBlocks_project_file>
